--- Cargo.lock.orig	2026-01-19 11:23:35.000000000 +0000
+++ Cargo.lock	2026-02-01 16:08:57.149524000 +0000
@@ -2228,9 +2228,9 @@
 
 [[package]]
 name = "fancy-regex"
-version = "0.14.0"
+version = "0.17.0"
 source = "registry+https://github.com/rust-lang/crates.io-index"
-checksum = "6e24cb5a94bcae1e5408b0effca5cd7172ea3c5755049c5f3af4cd283a165298"
+checksum = "72cf461f865c862bb7dc573f643dd6a2b6842f7c30b07882b56bd148cc2761b8"
 dependencies = [
  "bit-set 0.8.0",
  "regex-automata",
@@ -5376,9 +5376,9 @@
 
 [[package]]
 name = "portable-atomic"
-version = "1.12.0"
+version = "1.13.1"
 source = "registry+https://github.com/rust-lang/crates.io-index"
-checksum = "f59e70c4aef1e55797c2e8fd94a4f2a973fc972cfde0e0b05f683667b0cd39dd"
+checksum = "c33a9471896f1c69cecef8d20cbe2f7accd12527ce60845ff44c153bb2a21b49"
 
 [[package]]
 name = "postgres-protocol"
@@ -7244,9 +7244,9 @@
 
 [[package]]
 name = "sieve-rs"
-version = "0.7.0"
+version = "0.7.1"
 source = "registry+https://github.com/rust-lang/crates.io-index"
-checksum = "9ada516ead6adf4f915e69fcb123640bcf23a9b29fc4b537145487e91af7a594"
+checksum = "37baebe7a22af73f881c1856c620680444f6ea99482a7734a13f7fc570d17028"
 dependencies = [
  "ahash",
  "arc-swap",
